
Microsoft Visual Studio Solution File, Format Version 12.00
# Visual Studio Version 16
VisualStudioVersion = 16.0.29728.190
MinimumVisualStudioVersion = 10.0.40219.1
Project("{FAE04EC0-301F-11D3-BF4B-00C04F79EFBC}") = "OOP Task 3", "OOP Task 3\OOP Task 3.csproj", "{2339F567-F38B-4EF6-85FC-A37B2FF27F7E}"
EndProject
Global
	GlobalSection(SolutionConfigurationPlatforms) = preSolution
		Debug|Any CPU = Debug|Any CPU
		Release|Any CPU = Release|Any CPU
	EndGlobalSection
	GlobalSection(ProjectConfigurationPlatforms) = postSolution
		{2339F567-F38B-4EF6-85FC-A37B2FF27F7E}.Debug|Any CPU.ActiveCfg = Debug|Any CPU
		{2339F567-F38B-4EF6-85FC-A37B2FF27F7E}.Debug|Any CPU.Build.0 = Debug|Any CPU
		{2339F567-F38B-4EF6-85FC-A37B2FF27F7E}.Release|Any CPU.ActiveCfg = Release|Any CPU
		{2339F567-F38B-4EF6-85FC-A37B2FF27F7E}.Release|Any CPU.Build.0 = Release|Any CPU
	EndGlobalSection
	GlobalSection(SolutionProperties) = preSolution
		HideSolutionNode = FALSE
	EndGlobalSection
	GlobalSection(ExtensibilityGlobals) = postSolution
		SolutionGuid = {280736A6-8F3F-42B5-9226-78F1FF0D0231}
	EndGlobalSection
EndGlobal
